
Microsoft Visual Studio Solution File, Format Version 12.00
# Visual Studio Version 17
VisualStudioVersion = 17.14.36414.22 d17.14
MinimumVisualStudioVersion = 10.0.40219.1
Project("{FAE04EC0-301F-11D3-BF4B-00C04F79EFBC}") = "quanlysach", "quanlysach\quanlysach.csproj", "{8B7EBCB4-0FEF-4730-BD02-1FFD5692909E}"
EndProject
Global
	GlobalSection(SolutionConfigurationPlatforms) = preSolution
		Debug|Any CPU = Debug|Any CPU
		Release|Any CPU = Release|Any CPU
	EndGlobalSection
	GlobalSection(ProjectConfigurationPlatforms) = postSolution
		{8B7EBCB4-0FEF-4730-BD02-1FFD5692909E}.Debug|Any CPU.ActiveCfg = Debug|Any CPU
		{8B7EBCB4-0FEF-4730-BD02-1FFD5692909E}.Debug|Any CPU.Build.0 = Debug|Any CPU
		{8B7EBCB4-0FEF-4730-BD02-1FFD5692909E}.Release|Any CPU.ActiveCfg = Release|Any CPU
		{8B7EBCB4-0FEF-4730-BD02-1FFD5692909E}.Release|Any CPU.Build.0 = Release|Any CPU
	EndGlobalSection
	GlobalSection(SolutionProperties) = preSolution
		HideSolutionNode = FALSE
	EndGlobalSection
	GlobalSection(ExtensibilityGlobals) = postSolution
		SolutionGuid = {627E8ECD-708C-4934-A850-96B88ED06210}
	EndGlobalSection
EndGlobal
